// !$*UTF8*$!
{
	archiveVersion = 1;
	classes = {
	};
	objectVersion = 56;
	objects = {

/* Begin PBXBuildFile section */
		4B0E0FB8295C504B00D3BEBC /* AppDelegate.swift in Sources */ = {isa = PBXBuildFile; fileRef = 4B0E0FB7295C504B00D3BEBC /* AppDelegate.swift */; };
		4B0E0FBA295C504B00D3BEBC /* SceneDelegate.swift in Sources */ = {isa = PBXBuildFile; fileRef = 4B0E0FB9295C504B00D3BEBC /* SceneDelegate.swift */; };
		4B0E0FBC295C504B00D3BEBC /* HomeViewController.swift in Sources */ = {isa = PBXBuildFile; fileRef = 4B0E0FBB295C504B00D3BEBC /* HomeViewController.swift */; };
		4B0E0FC1295C504C00D3BEBC /* Assets.xcassets in Resources */ = {isa = PBXBuildFile; fileRef = 4B0E0FC0295C504C00D3BEBC /* Assets.xcassets */; };
		4B0E0FC4295C504C00D3BEBC /* LaunchScreen.storyboard in Resources */ = {isa = PBXBuildFile; fileRef = 4B0E0FC2295C504C00D3BEBC /* LaunchScreen.storyboard */; };
		4B0E0FCF295C631B00D3BEBC /* Resources.swift in Sources */ = {isa = PBXBuildFile; fileRef = 4B0E0FCE295C631B00D3BEBC /* Resources.swift */; };
		4B0E0FD1295C636F00D3BEBC /* CardView.swift in Sources */ = {isa = PBXBuildFile; fileRef = 4B0E0FD0295C636F00D3BEBC /* CardView.swift */; };
		4B0E0FD3295C6AD600D3BEBC /* BaseView.swift in Sources */ = {isa = PBXBuildFile; fileRef = 4B0E0FD2295C6AD600D3BEBC /* BaseView.swift */; };
		4B0E0FD7295C783500D3BEBC /* UIColor + ext.swift in Sources */ = {isa = PBXBuildFile; fileRef = 4B0E0FD6295C783400D3BEBC /* UIColor + ext.swift */; };
		4B0E1024295C905200D3BEBC /* Inter-VariableFont_slnt,wght.ttf in Resources */ = {isa = PBXBuildFile; fileRef = 4B0E1017295C905200D3BEBC /* Inter-VariableFont_slnt,wght.ttf */; };
		4B0E1025295C905200D3BEBC /* Inter-Medium.ttf in Resources */ = {isa = PBXBuildFile; fileRef = 4B0E1019295C905200D3BEBC /* Inter-Medium.ttf */; };
		4B0E1026295C905200D3BEBC /* Inter-Light.ttf in Resources */ = {isa = PBXBuildFile; fileRef = 4B0E101A295C905200D3BEBC /* Inter-Light.ttf */; };
		4B0E1027295C905200D3BEBC /* Inter-Thin.ttf in Resources */ = {isa = PBXBuildFile; fileRef = 4B0E101B295C905200D3BEBC /* Inter-Thin.ttf */; };
		4B0E1028295C905200D3BEBC /* Inter-Bold.ttf in Resources */ = {isa = PBXBuildFile; fileRef = 4B0E101C295C905200D3BEBC /* Inter-Bold.ttf */; };
		4B0E1029295C905200D3BEBC /* Inter-Regular.ttf in Resources */ = {isa = PBXBuildFile; fileRef = 4B0E101D295C905200D3BEBC /* Inter-Regular.ttf */; };
		4B0E102A295C905200D3BEBC /* Inter-ExtraBold.ttf in Resources */ = {isa = PBXBuildFile; fileRef = 4B0E101E295C905200D3BEBC /* Inter-ExtraBold.ttf */; };
		4B0E102B295C905200D3BEBC /* Inter-ExtraLight.ttf in Resources */ = {isa = PBXBuildFile; fileRef = 4B0E101F295C905200D3BEBC /* Inter-ExtraLight.ttf */; };
		4B0E102C295C905200D3BEBC /* Inter-Black.ttf in Resources */ = {isa = PBXBuildFile; fileRef = 4B0E1020295C905200D3BEBC /* Inter-Black.ttf */; };
		4B0E102D295C905200D3BEBC /* Inter-SemiBold.ttf in Resources */ = {isa = PBXBuildFile; fileRef = 4B0E1021295C905200D3BEBC /* Inter-SemiBold.ttf */; };
		4B0E102E295C905200D3BEBC /* OFL.txt in Resources */ = {isa = PBXBuildFile; fileRef = 4B0E1022295C905200D3BEBC /* OFL.txt */; };
		4B0E102F295C905200D3BEBC /* README.txt in Resources */ = {isa = PBXBuildFile; fileRef = 4B0E1023295C905200D3BEBC /* README.txt */; };
		4B0E1031295CB9D000D3BEBC /* SubCardView.swift in Sources */ = {isa = PBXBuildFile; fileRef = 4B0E1030295CB9D000D3BEBC /* SubCardView.swift */; };
		4B0E1036295DA08A00D3BEBC /* NavigationView.swift in Sources */ = {isa = PBXBuildFile; fileRef = 4B0E1035295DA08A00D3BEBC /* NavigationView.swift */; };
		4B71B06E2969978F00FDD036 /* UIView + ext.swift in Sources */ = {isa = PBXBuildFile; fileRef = 4B71B06D2969978F00FDD036 /* UIView + ext.swift */; };
		4B71B07029699B5B00FDD036 /* IconButtonView.swift in Sources */ = {isa = PBXBuildFile; fileRef = 4B71B06F29699B5B00FDD036 /* IconButtonView.swift */; };
		4B86B43E29742B3300290AC2 /* AddTableViewCell.swift in Sources */ = {isa = PBXBuildFile; fileRef = 4B86B43D29742B3300290AC2 /* AddTableViewCell.swift */; };
		4BA3897B2971802F00B6AEE6 /* DetailedNavigation.swift in Sources */ = {isa = PBXBuildFile; fileRef = 4BA3897A2971802F00B6AEE6 /* DetailedNavigation.swift */; };
		4BA3897D2971DEF300B6AEE6 /* Menu.swift in Sources */ = {isa = PBXBuildFile; fileRef = 4BA3897C2971DEF300B6AEE6 /* Menu.swift */; };
		4BA3897F2971E6D800B6AEE6 /* IncomeViewController.swift in Sources */ = {isa = PBXBuildFile; fileRef = 4BA3897E2971E6D800B6AEE6 /* IncomeViewController.swift */; };
		4BA389812971E6E400B6AEE6 /* ExpanceViewController.swift in Sources */ = {isa = PBXBuildFile; fileRef = 4BA389802971E6E400B6AEE6 /* ExpanceViewController.swift */; };
		4BA389832971EA7800B6AEE6 /* AddTransaction.swift in Sources */ = {isa = PBXBuildFile; fileRef = 4BA389822971EA7800B6AEE6 /* AddTransaction.swift */; };
		4BAA1A4D297049790094F412 /* Transaction Model.swift in Sources */ = {isa = PBXBuildFile; fileRef = 4BAA1A4C297049790094F412 /* Transaction Model.swift */; };
		4BAA1A4F29704F540094F412 /* TransactionCellTableViewCell.swift in Sources */ = {isa = PBXBuildFile; fileRef = 4BAA1A4E29704F540094F412 /* TransactionCellTableViewCell.swift */; };
		4BAA1A5129705B2F0094F412 /* DetailViewController.swift in Sources */ = {isa = PBXBuildFile; fileRef = 4BAA1A5029705B2F0094F412 /* DetailViewController.swift */; };
		4BAA1A542970672F0094F412 /* DetailTableViewCell.swift in Sources */ = {isa = PBXBuildFile; fileRef = 4BAA1A532970672F0094F412 /* DetailTableViewCell.swift */; };
		4BB4B7A72976D9310060027A /* CurrencyListViewController.swift in Sources */ = {isa = PBXBuildFile; fileRef = 4BB4B7A62976D9310060027A /* CurrencyListViewController.swift */; };
		4BCA6B6E29773D4100BC9C4A /* CurrencyTableViewCell.swift in Sources */ = {isa = PBXBuildFile; fileRef = 4BCA6B6D29773D4100BC9C4A /* CurrencyTableViewCell.swift */; };
		FA7891A603620D3371E67611 /* Pods_ExpanceUI.framework in Frameworks */ = {isa = PBXBuildFile; fileRef = 109E97701CD316D4C2C005D5 /* Pods_ExpanceUI.framework */; };
/* End PBXBuildFile section */

/* Begin PBXFileReference section */
		109E97701CD316D4C2C005D5 /* Pods_ExpanceUI.framework */ = {isa = PBXFileReference; explicitFileType = wrapper.framework; includeInIndex = 0; path = Pods_ExpanceUI.framework; sourceTree = BUILT_PRODUCTS_DIR; };
		4B0E0FB4295C504B00D3BEBC /* ExpanceUI.app */ = {isa = PBXFileReference; explicitFileType = wrapper.application; includeInIndex = 0; path = ExpanceUI.app; sourceTree = BUILT_PRODUCTS_DIR; };
		4B0E0FB7295C504B00D3BEBC /* AppDelegate.swift */ = {isa = PBXFileReference; lastKnownFileType = sourcecode.swift; path = AppDelegate.swift; sourceTree = "<group>"; };
		4B0E0FB9295C504B00D3BEBC /* SceneDelegate.swift */ = {isa = PBXFileReference; lastKnownFileType = sourcecode.swift; path = SceneDelegate.swift; sourceTree = "<group>"; };
		4B0E0FBB295C504B00D3BEBC /* HomeViewController.swift */ = {isa = PBXFileReference; lastKnownFileType = sourcecode.swift; path = HomeViewController.swift; sourceTree = "<group>"; };
		4B0E0FC0295C504C00D3BEBC /* Assets.xcassets */ = {isa = PBXFileReference; lastKnownFileType = folder.assetcatalog; path = Assets.xcassets; sourceTree = "<group>"; };
		4B0E0FC3295C504C00D3BEBC /* Base */ = {isa = PBXFileReference; lastKnownFileType = file.storyboard; name = Base; path = Base.lproj/LaunchScreen.storyboard; sourceTree = "<group>"; };
		4B0E0FC5295C504C00D3BEBC /* Info.plist */ = {isa = PBXFileReference; lastKnownFileType = text.plist.xml; path = Info.plist; sourceTree = "<group>"; };
		4B0E0FCE295C631B00D3BEBC /* Resources.swift */ = {isa = PBXFileReference; lastKnownFileType = sourcecode.swift; path = Resources.swift; sourceTree = "<group>"; };
		4B0E0FD0295C636F00D3BEBC /* CardView.swift */ = {isa = PBXFileReference; lastKnownFileType = sourcecode.swift; path = CardView.swift; sourceTree = "<group>"; };
		4B0E0FD2295C6AD600D3BEBC /* BaseView.swift */ = {isa = PBXFileReference; lastKnownFileType = sourcecode.swift; path = BaseView.swift; sourceTree = "<group>"; };
		4B0E0FD6295C783400D3BEBC /* UIColor + ext.swift */ = {isa = PBXFileReference; lastKnownFileType = sourcecode.swift; path = "UIColor + ext.swift"; sourceTree = "<group>"; };
		4B0E1017295C905200D3BEBC /* Inter-VariableFont_slnt,wght.ttf */ = {isa = PBXFileReference; lastKnownFileType = file; path = "Inter-VariableFont_slnt,wght.ttf"; sourceTree = "<group>"; };
		4B0E1019295C905200D3BEBC /* Inter-Medium.ttf */ = {isa = PBXFileReference; lastKnownFileType = file; path = "Inter-Medium.ttf"; sourceTree = "<group>"; };
		4B0E101A295C905200D3BEBC /* Inter-Light.ttf */ = {isa = PBXFileReference; lastKnownFileType = file; path = "Inter-Light.ttf"; sourceTree = "<group>"; };
		4B0E101B295C905200D3BEBC /* Inter-Thin.ttf */ = {isa = PBXFileReference; lastKnownFileType = file; path = "Inter-Thin.ttf"; sourceTree = "<group>"; };
		4B0E101C295C905200D3BEBC /* Inter-Bold.ttf */ = {isa = PBXFileReference; lastKnownFileType = file; path = "Inter-Bold.ttf"; sourceTree = "<group>"; };
		4B0E101D295C905200D3BEBC /* Inter-Regular.ttf */ = {isa = PBXFileReference; lastKnownFileType = file; path = "Inter-Regular.ttf"; sourceTree = "<group>"; };
		4B0E101E295C905200D3BEBC /* Inter-ExtraBold.ttf */ = {isa = PBXFileReference; lastKnownFileType = file; path = "Inter-ExtraBold.ttf"; sourceTree = "<group>"; };
		4B0E101F295C905200D3BEBC /* Inter-ExtraLight.ttf */ = {isa = PBXFileReference; lastKnownFileType = file; path = "Inter-ExtraLight.ttf"; sourceTree = "<group>"; };
		4B0E1020295C905200D3BEBC /* Inter-Black.ttf */ = {isa = PBXFileReference; lastKnownFileType = file; path = "Inter-Black.ttf"; sourceTree = "<group>"; };
		4B0E1021295C905200D3BEBC /* Inter-SemiBold.ttf */ = {isa = PBXFileReference; lastKnownFileType = file; path = "Inter-SemiBold.ttf"; sourceTree = "<group>"; };
		4B0E1022295C905200D3BEBC /* OFL.txt */ = {isa = PBXFileReference; fileEncoding = 4; lastKnownFileType = text; path = OFL.txt; sourceTree = "<group>"; };
		4B0E1023295C905200D3BEBC /* README.txt */ = {isa = PBXFileReference; fileEncoding = 4; lastKnownFileType = text; path = README.txt; sourceTree = "<group>"; };
		4B0E1030295CB9D000D3BEBC /* SubCardView.swift */ = {isa = PBXFileReference; lastKnownFileType = sourcecode.swift; path = SubCardView.swift; sourceTree = "<group>"; };
		4B0E1035295DA08A00D3BEBC /* NavigationView.swift */ = {isa = PBXFileReference; lastKnownFileType = sourcecode.swift; path = NavigationView.swift; sourceTree = "<group>"; };
		4B71B06D2969978F00FDD036 /* UIView + ext.swift */ = {isa = PBXFileReference; lastKnownFileType = sourcecode.swift; path = "UIView + ext.swift"; sourceTree = "<group>"; };
		4B71B06F29699B5B00FDD036 /* IconButtonView.swift */ = {isa = PBXFileReference; lastKnownFileType = sourcecode.swift; path = IconButtonView.swift; sourceTree = "<group>"; };
		4B86B43D29742B3300290AC2 /* AddTableViewCell.swift */ = {isa = PBXFileReference; lastKnownFileType = sourcecode.swift; path = AddTableViewCell.swift; sourceTree = "<group>"; };
		4BA3897A2971802F00B6AEE6 /* DetailedNavigation.swift */ = {isa = PBXFileReference; lastKnownFileType = sourcecode.swift; path = DetailedNavigation.swift; sourceTree = "<group>"; };
		4BA3897C2971DEF300B6AEE6 /* Menu.swift */ = {isa = PBXFileReference; lastKnownFileType = sourcecode.swift; path = Menu.swift; sourceTree = "<group>"; };
		4BA3897E2971E6D800B6AEE6 /* IncomeViewController.swift */ = {isa = PBXFileReference; lastKnownFileType = sourcecode.swift; path = IncomeViewController.swift; sourceTree = "<group>"; };
		4BA389802971E6E400B6AEE6 /* ExpanceViewController.swift */ = {isa = PBXFileReference; lastKnownFileType = sourcecode.swift; path = ExpanceViewController.swift; sourceTree = "<group>"; };
		4BA389822971EA7800B6AEE6 /* AddTransaction.swift */ = {isa = PBXFileReference; lastKnownFileType = sourcecode.swift; path = AddTransaction.swift; sourceTree = "<group>"; };
		4BAA1A4C297049790094F412 /* Transaction Model.swift */ = {isa = PBXFileReference; lastKnownFileType = sourcecode.swift; path = "Transaction Model.swift"; sourceTree = "<group>"; };
		4BAA1A4E29704F540094F412 /* TransactionCellTableViewCell.swift */ = {isa = PBXFileReference; lastKnownFileType = sourcecode.swift; path = TransactionCellTableViewCell.swift; sourceTree = "<group>"; };
		4BAA1A5029705B2F0094F412 /* DetailViewController.swift */ = {isa = PBXFileReference; lastKnownFileType = sourcecode.swift; path = DetailViewController.swift; sourceTree = "<group>"; };
		4BAA1A532970672F0094F412 /* DetailTableViewCell.swift */ = {isa = PBXFileReference; lastKnownFileType = sourcecode.swift; path = DetailTableViewCell.swift; sourceTree = "<group>"; };
		4BB4B7A62976D9310060027A /* CurrencyListViewController.swift */ = {isa = PBXFileReference; lastKnownFileType = sourcecode.swift; path = CurrencyListViewController.swift; sourceTree = "<group>"; };
		4BCA6B6D29773D4100BC9C4A /* CurrencyTableViewCell.swift */ = {isa = PBXFileReference; lastKnownFileType = sourcecode.swift; path = CurrencyTableViewCell.swift; sourceTree = "<group>"; };
		4E993CCAFAFAF86A69535C62 /* Pods-ExpanceUI.debug.xcconfig */ = {isa = PBXFileReference; includeInIndex = 1; lastKnownFileType = text.xcconfig; name = "Pods-ExpanceUI.debug.xcconfig"; path = "Target Support Files/Pods-ExpanceUI/Pods-ExpanceUI.debug.xcconfig"; sourceTree = "<group>"; };
		C2A16A7571B03783DAB963EE /* Pods-ExpanceUI.release.xcconfig */ = {isa = PBXFileReference; includeInIndex = 1; lastKnownFileType = text.xcconfig; name = "Pods-ExpanceUI.release.xcconfig"; path = "Target Support Files/Pods-ExpanceUI/Pods-ExpanceUI.release.xcconfig"; sourceTree = "<group>"; };
/* End PBXFileReference section */

/* Begin PBXFrameworksBuildPhase section */
		4B0E0FB1295C504B00D3BEBC /* Frameworks */ = {
			isa = PBXFrameworksBuildPhase;
			buildActionMask = 2147483647;
			files = (
				FA7891A603620D3371E67611 /* Pods_ExpanceUI.framework in Frameworks */,
			);
			runOnlyForDeploymentPostprocessing = 0;
		};
/* End PBXFrameworksBuildPhase section */

/* Begin PBXGroup section */
		09A79F46EF75C6BE3F5B8629 /* Pods */ = {
			isa = PBXGroup;
			children = (
				4E993CCAFAFAF86A69535C62 /* Pods-ExpanceUI.debug.xcconfig */,
				C2A16A7571B03783DAB963EE /* Pods-ExpanceUI.release.xcconfig */,
			);
			path = Pods;
			sourceTree = "<group>";
		};
		46358FB92AB1AA5A9D33E456 /* Frameworks */ = {
			isa = PBXGroup;
			children = (
				109E97701CD316D4C2C005D5 /* Pods_ExpanceUI.framework */,
			);
			name = Frameworks;
			sourceTree = "<group>";
		};
		4B0E0FAB295C504B00D3BEBC = {
			isa = PBXGroup;
			children = (
				4B0E0FB6295C504B00D3BEBC /* ExpanceUI */,
				4B0E0FB5295C504B00D3BEBC /* Products */,
				09A79F46EF75C6BE3F5B8629 /* Pods */,
				46358FB92AB1AA5A9D33E456 /* Frameworks */,
			);
			sourceTree = "<group>";
		};
		4B0E0FB5295C504B00D3BEBC /* Products */ = {
			isa = PBXGroup;
			children = (
				4B0E0FB4295C504B00D3BEBC /* ExpanceUI.app */,
			);
			name = Products;
			sourceTree = "<group>";
		};
		4B0E0FB6295C504B00D3BEBC /* ExpanceUI */ = {
			isa = PBXGroup;
			children = (
				4BAA1A4B297049610094F412 /* Model */,
				4B0E0FCB295C62C200D3BEBC /* Application */,
				4B0E0FCD295C62E800D3BEBC /* Resources */,
				4B71B07129699E7600FDD036 /* VIews */,
				4B0E0FCC295C62CB00D3BEBC /* Controller */,
				4B0E0FD4295C781200D3BEBC /* SupportingFiles */,
				4B0E0FC5295C504C00D3BEBC /* Info.plist */,
			);
			path = ExpanceUI;
			sourceTree = "<group>";
		};
		4B0E0FCB295C62C200D3BEBC /* Application */ = {
			isa = PBXGroup;
			children = (
				4B0E0FB7295C504B00D3BEBC /* AppDelegate.swift */,
				4B0E0FB9295C504B00D3BEBC /* SceneDelegate.swift */,
			);
			path = Application;
			sourceTree = "<group>";
		};
		4B0E0FCC295C62CB00D3BEBC /* Controller */ = {
			isa = PBXGroup;
			children = (
				4B0E0FBB295C504B00D3BEBC /* HomeViewController.swift */,
				4BAA1A5029705B2F0094F412 /* DetailViewController.swift */,
				4BA3897E2971E6D800B6AEE6 /* IncomeViewController.swift */,
				4BA389802971E6E400B6AEE6 /* ExpanceViewController.swift */,
				4BA389822971EA7800B6AEE6 /* AddTransaction.swift */,
				4BB4B7A62976D9310060027A /* CurrencyListViewController.swift */,
			);
			path = Controller;
			sourceTree = "<group>";
		};
		4B0E0FCD295C62E800D3BEBC /* Resources */ = {
			isa = PBXGroup;
			children = (
				4B0E1016295C905200D3BEBC /* Inter */,
				4B0E0FD5295C782400D3BEBC /* Extensions */,
				4B0E0FCE295C631B00D3BEBC /* Resources.swift */,
			);
			path = Resources;
			sourceTree = "<group>";
		};
		4B0E0FD4295C781200D3BEBC /* SupportingFiles */ = {
			isa = PBXGroup;
			children = (
				4B0E0FC0295C504C00D3BEBC /* Assets.xcassets */,
				4B0E0FC2295C504C00D3BEBC /* LaunchScreen.storyboard */,
			);
			path = SupportingFiles;
			sourceTree = "<group>";
		};
		4B0E0FD5295C782400D3BEBC /* Extensions */ = {
			isa = PBXGroup;
			children = (
				4B0E0FD6295C783400D3BEBC /* UIColor + ext.swift */,
				4B71B06D2969978F00FDD036 /* UIView + ext.swift */,
			);
			path = Extensions;
			sourceTree = "<group>";
		};
		4B0E1016295C905200D3BEBC /* Inter */ = {
			isa = PBXGroup;
			children = (
				4B0E1017295C905200D3BEBC /* Inter-VariableFont_slnt,wght.ttf */,
				4B0E1018295C905200D3BEBC /* static */,
				4B0E1022295C905200D3BEBC /* OFL.txt */,
				4B0E1023295C905200D3BEBC /* README.txt */,
			);
			path = Inter;
			sourceTree = "<group>";
		};
		4B0E1018295C905200D3BEBC /* static */ = {
			isa = PBXGroup;
			children = (
				4B0E1019295C905200D3BEBC /* Inter-Medium.ttf */,
				4B0E101A295C905200D3BEBC /* Inter-Light.ttf */,
				4B0E101B295C905200D3BEBC /* Inter-Thin.ttf */,
				4B0E101C295C905200D3BEBC /* Inter-Bold.ttf */,
				4B0E101D295C905200D3BEBC /* Inter-Regular.ttf */,
				4B0E101E295C905200D3BEBC /* Inter-ExtraBold.ttf */,
				4B0E101F295C905200D3BEBC /* Inter-ExtraLight.ttf */,
				4B0E1020295C905200D3BEBC /* Inter-Black.ttf */,
				4B0E1021295C905200D3BEBC /* Inter-SemiBold.ttf */,
			);
			path = static;
			sourceTree = "<group>";
		};
		4B0E1032295DA02F00D3BEBC /* HomeVIew */ = {
			isa = PBXGroup;
			children = (
				4B71B07329699F5600FDD036 /* Components */,
				4B0E1030295CB9D000D3BEBC /* SubCardView.swift */,
				4B0E0FD0295C636F00D3BEBC /* CardView.swift */,
			);
			path = HomeVIew;
			sourceTree = "<group>";
		};
		4B0E1034295DA04900D3BEBC /* BaseView */ = {
			isa = PBXGroup;
			children = (
				4B0E0FD2295C6AD600D3BEBC /* BaseView.swift */,
			);
			path = BaseView;
			sourceTree = "<group>";
		};
		4B71B07129699E7600FDD036 /* VIews */ = {
			isa = PBXGroup;
			children = (
				4BA3897A2971802F00B6AEE6 /* DetailedNavigation.swift */,
				4B0E1035295DA08A00D3BEBC /* NavigationView.swift */,
				4BAA1A52297067000094F412 /* Cells */,
				4B0E1034295DA04900D3BEBC /* BaseView */,
				4B0E1032295DA02F00D3BEBC /* HomeVIew */,
			);
			path = VIews;
			sourceTree = "<group>";
		};
		4B71B07329699F5600FDD036 /* Components */ = {
			isa = PBXGroup;
			children = (
				4BAA1A4E29704F540094F412 /* TransactionCellTableViewCell.swift */,
				4B71B06F29699B5B00FDD036 /* IconButtonView.swift */,
				4BA3897C2971DEF300B6AEE6 /* Menu.swift */,
			);
			path = Components;
			sourceTree = "<group>";
		};
		4BAA1A4B297049610094F412 /* Model */ = {
			isa = PBXGroup;
			children = (
				4BAA1A4C297049790094F412 /* Transaction Model.swift */,
			);
			path = Model;
			sourceTree = "<group>";
		};
		4BAA1A52297067000094F412 /* Cells */ = {
			isa = PBXGroup;
			children = (
				4BAA1A532970672F0094F412 /* DetailTableViewCell.swift */,
				4B86B43D29742B3300290AC2 /* AddTableViewCell.swift */,
				4BCA6B6D29773D4100BC9C4A /* CurrencyTableViewCell.swift */,
			);
			path = Cells;
			sourceTree = "<group>";
		};
/* End PBXGroup section */

/* Begin PBXNativeTarget section */
		4B0E0FB3295C504B00D3BEBC /* ExpanceUI */ = {
			isa = PBXNativeTarget;
			buildConfigurationList = 4B0E0FC8295C504C00D3BEBC /* Build configuration list for PBXNativeTarget "ExpanceUI" */;
			buildPhases = (
				CE5029CD9892F897F9D0FEDA /* [CP] Check Pods Manifest.lock */,
				4B0E0FB0295C504B00D3BEBC /* Sources */,
				4B0E0FB1295C504B00D3BEBC /* Frameworks */,
				4B0E0FB2295C504B00D3BEBC /* Resources */,
				3731921E764FCDCA37095A60 /* [CP] Embed Pods Frameworks */,
			);
			buildRules = (
			);
			dependencies = (
			);
			name = ExpanceUI;
			productName = ExpanceUI;
			productReference = 4B0E0FB4295C504B00D3BEBC /* ExpanceUI.app */;
			productType = "com.apple.product-type.application";
		};
/* End PBXNativeTarget section */

/* Begin PBXProject section */
		4B0E0FAC295C504B00D3BEBC /* Project object */ = {
			isa = PBXProject;
			attributes = {
				BuildIndependentTargetsInParallel = 1;
				LastSwiftUpdateCheck = 1410;
				LastUpgradeCheck = 1410;
				TargetAttributes = {
					4B0E0FB3295C504B00D3BEBC = {
						CreatedOnToolsVersion = 14.1;
					};
				};
			};
			buildConfigurationList = 4B0E0FAF295C504B00D3BEBC /* Build configuration list for PBXProject "ExpanceUI" */;
			compatibilityVersion = "Xcode 14.0";
			developmentRegion = en;
			hasScannedForEncodings = 0;
			knownRegions = (
				en,
				Base,
			);
			mainGroup = 4B0E0FAB295C504B00D3BEBC;
			productRefGroup = 4B0E0FB5295C504B00D3BEBC /* Products */;
			projectDirPath = "";
			projectRoot = "";
			targets = (
				4B0E0FB3295C504B00D3BEBC /* ExpanceUI */,
			);
		};
/* End PBXProject section */

/* Begin PBXResourcesBuildPhase section */
		4B0E0FB2295C504B00D3BEBC /* Resources */ = {
			isa = PBXResourcesBuildPhase;
			buildActionMask = 2147483647;
			files = (
				4B0E102D295C905200D3BEBC /* Inter-SemiBold.ttf in Resources */,
				4B0E1026295C905200D3BEBC /* Inter-Light.ttf in Resources */,
				4B0E102B295C905200D3BEBC /* Inter-ExtraLight.ttf in Resources */,
				4B0E1025295C905200D3BEBC /* Inter-Medium.ttf in Resources */,
				4B0E102A295C905200D3BEBC /* Inter-ExtraBold.ttf in Resources */,
				4B0E1027295C905200D3BEBC /* Inter-Thin.ttf in Resources */,
				4B0E1028295C905200D3BEBC /* Inter-Bold.ttf in Resources */,
				4B0E102C295C905200D3BEBC /* Inter-Black.ttf in Resources */,
				4B0E102E295C905200D3BEBC /* OFL.txt in Resources */,
				4B0E0FC4295C504C00D3BEBC /* LaunchScreen.storyboard in Resources */,
				4B0E1024295C905200D3BEBC /* Inter-VariableFont_slnt,wght.ttf in Resources */,
				4B0E1029295C905200D3BEBC /* Inter-Regular.ttf in Resources */,
				4B0E102F295C905200D3BEBC /* README.txt in Resources */,
				4B0E0FC1295C504C00D3BEBC /* Assets.xcassets in Resources */,
			);
			runOnlyForDeploymentPostprocessing = 0;
		};
/* End PBXResourcesBuildPhase section */

/* Begin PBXShellScriptBuildPhase section */
		3731921E764FCDCA37095A60 /* [CP] Embed Pods Frameworks */ = {
			isa = PBXShellScriptBuildPhase;
			buildActionMask = 2147483647;
			files = (
			);
			inputFileListPaths = (
				"${PODS_ROOT}/Target Support Files/Pods-ExpanceUI/Pods-ExpanceUI-frameworks-${CONFIGURATION}-input-files.xcfilelist",
			);
			name = "[CP] Embed Pods Frameworks";
			outputFileListPaths = (
				"${PODS_ROOT}/Target Support Files/Pods-ExpanceUI/Pods-ExpanceUI-frameworks-${CONFIGURATION}-output-files.xcfilelist",
			);
			runOnlyForDeploymentPostprocessing = 0;
			shellPath = /bin/sh;
			shellScript = "\"${PODS_ROOT}/Target Support Files/Pods-ExpanceUI/Pods-ExpanceUI-frameworks.sh\"\n";
			showEnvVarsInLog = 0;
		};
		CE5029CD9892F897F9D0FEDA /* [CP] Check Pods Manifest.lock */ = {
			isa = PBXShellScriptBuildPhase;
			buildActionMask = 2147483647;
			files = (
			);
			inputFileListPaths = (
			);
			inputPaths = (
				"${PODS_PODFILE_DIR_PATH}/Podfile.lock",
				"${PODS_ROOT}/Manifest.lock",
			);
			name = "[CP] Check Pods Manifest.lock";
			outputFileListPaths = (
			);
			outputPaths = (
				"$(DERIVED_FILE_DIR)/Pods-ExpanceUI-checkManifestLockResult.txt",
			);
			runOnlyForDeploymentPostprocessing = 0;
			shellPath = /bin/sh;
			shellScript = "diff \"${PODS_PODFILE_DIR_PATH}/Podfile.lock\" \"${PODS_ROOT}/Manifest.lock\" > /dev/null\nif [ $? != 0 ] ; then\n    # print error to STDERR\n    echo \"error: The sandbox is not in sync with the Podfile.lock. Run 'pod install' or update your CocoaPods installation.\" >&2\n    exit 1\nfi\n# This output is used by Xcode 'outputs' to avoid re-running this script phase.\necho \"SUCCESS\" > \"${SCRIPT_OUTPUT_FILE_0}\"\n";
			showEnvVarsInLog = 0;
		};
/* End PBXShellScriptBuildPhase section */

/* Begin PBXSourcesBuildPhase section */
		4B0E0FB0295C504B00D3BEBC /* Sources */ = {
			isa = PBXSourcesBuildPhase;
			buildActionMask = 2147483647;
			files = (
				4BB4B7A72976D9310060027A /* CurrencyListViewController.swift in Sources */,
				4BAA1A4F29704F540094F412 /* TransactionCellTableViewCell.swift in Sources */,
				4B0E0FBC295C504B00D3BEBC /* HomeViewController.swift in Sources */,
				4B0E1036295DA08A00D3BEBC /* NavigationView.swift in Sources */,
				4BA3897F2971E6D800B6AEE6 /* IncomeViewController.swift in Sources */,
				4BAA1A542970672F0094F412 /* DetailTableViewCell.swift in Sources */,
				4B0E0FCF295C631B00D3BEBC /* Resources.swift in Sources */,
				4BA389812971E6E400B6AEE6 /* ExpanceViewController.swift in Sources */,
				4B71B07029699B5B00FDD036 /* IconButtonView.swift in Sources */,
				4B0E0FD7295C783500D3BEBC /* UIColor + ext.swift in Sources */,
				4B86B43E29742B3300290AC2 /* AddTableViewCell.swift in Sources */,
				4BAA1A5129705B2F0094F412 /* DetailViewController.swift in Sources */,
				4BA389832971EA7800B6AEE6 /* AddTransaction.swift in Sources */,
				4BAA1A4D297049790094F412 /* Transaction Model.swift in Sources */,
				4B0E1031295CB9D000D3BEBC /* SubCardView.swift in Sources */,
				4B0E0FD1295C636F00D3BEBC /* CardView.swift in Sources */,
				4B0E0FD3295C6AD600D3BEBC /* BaseView.swift in Sources */,
				4B0E0FB8295C504B00D3BEBC /* AppDelegate.swift in Sources */,
				4BA3897D2971DEF300B6AEE6 /* Menu.swift in Sources */,
				4B0E0FBA295C504B00D3BEBC /* SceneDelegate.swift in Sources */,
				4B71B06E2969978F00FDD036 /* UIView + ext.swift in Sources */,
				4BCA6B6E29773D4100BC9C4A /* CurrencyTableViewCell.swift in Sources */,
				4BA3897B2971802F00B6AEE6 /* DetailedNavigation.swift in Sources */,
			);
			runOnlyForDeploymentPostprocessing = 0;
		};
/* End PBXSourcesBuildPhase section */

/* Begin PBXVariantGroup section */
		4B0E0FC2295C504C00D3BEBC /* LaunchScreen.storyboard */ = {
			isa = PBXVariantGroup;
			children = (
				4B0E0FC3295C504C00D3BEBC /* Base */,
			);
			name = LaunchScreen.storyboard;
			sourceTree = "<group>";
		};
/* End PBXVariantGroup section */

/* Begin XCBuildConfiguration section */
		4B0E0FC6295C504C00D3BEBC /* Debug */ = {
			isa = XCBuildConfiguration;
			buildSettings = {
				ALWAYS_SEARCH_USER_PATHS = NO;
				CLANG_ANALYZER_NONNULL = YES;
				CLANG_ANALYZER_NUMBER_OBJECT_CONVERSION = YES_AGGRESSIVE;
				CLANG_CXX_LANGUAGE_STANDARD = "gnu++20";
				CLANG_ENABLE_MODULES = YES;
				CLANG_ENABLE_OBJC_ARC = YES;
				CLANG_ENABLE_OBJC_WEAK = YES;
				CLANG_WARN_BLOCK_CAPTURE_AUTORELEASING = YES;
				CLANG_WARN_BOOL_CONVERSION = YES;
				CLANG_WARN_COMMA = YES;
				CLANG_WARN_CONSTANT_CONVERSION = YES;
				CLANG_WARN_DEPRECATED_OBJC_IMPLEMENTATIONS = YES;
				CLANG_WARN_DIRECT_OBJC_ISA_USAGE = YES_ERROR;
				CLANG_WARN_DOCUMENTATION_COMMENTS = YES;
				CLANG_WARN_EMPTY_BODY = YES;
				CLANG_WARN_ENUM_CONVERSION = YES;
				CLANG_WARN_INFINITE_RECURSION = YES;
				CLANG_WARN_INT_CONVERSION = YES;
				CLANG_WARN_NON_LITERAL_NULL_CONVERSION = YES;
				CLANG_WARN_OBJC_IMPLICIT_RETAIN_SELF = YES;
				CLANG_WARN_OBJC_LITERAL_CONVERSION = YES;
				CLANG_WARN_OBJC_ROOT_CLASS = YES_ERROR;
				CLANG_WARN_QUOTED_INCLUDE_IN_FRAMEWORK_HEADER = YES;
				CLANG_WARN_RANGE_LOOP_ANALYSIS = YES;
				CLANG_WARN_STRICT_PROTOTYPES = YES;
				CLANG_WARN_SUSPICIOUS_MOVE = YES;
				CLANG_WARN_UNGUARDED_AVAILABILITY = YES_AGGRESSIVE;
				CLANG_WARN_UNREACHABLE_CODE = YES;
				CLANG_WARN__DUPLICATE_METHOD_MATCH = YES;
				COPY_PHASE_STRIP = NO;
				DEBUG_INFORMATION_FORMAT = dwarf;
				ENABLE_STRICT_OBJC_MSGSEND = YES;
				ENABLE_TESTABILITY = YES;
				GCC_C_LANGUAGE_STANDARD = gnu11;
				GCC_DYNAMIC_NO_PIC = NO;
				GCC_NO_COMMON_BLOCKS = YES;
				GCC_OPTIMIZATION_LEVEL = 0;
				GCC_PREPROCESSOR_DEFINITIONS = (
					"DEBUG=1",
					"$(inherited)",
				);
				GCC_WARN_64_TO_32_BIT_CONVERSION = YES;
				GCC_WARN_ABOUT_RETURN_TYPE = YES_ERROR;
				GCC_WARN_UNDECLARED_SELECTOR = YES;
				GCC_WARN_UNINITIALIZED_AUTOS = YES_AGGRESSIVE;
				GCC_WARN_UNUSED_FUNCTION = YES;
				GCC_WARN_UNUSED_VARIABLE = YES;
				IPHONEOS_DEPLOYMENT_TARGET = 16.1;
				MTL_ENABLE_DEBUG_INFO = INCLUDE_SOURCE;
				MTL_FAST_MATH = YES;
				ONLY_ACTIVE_ARCH = YES;
				SDKROOT = iphoneos;
				SWIFT_ACTIVE_COMPILATION_CONDITIONS = DEBUG;
				SWIFT_OPTIMIZATION_LEVEL = "-Onone";
			};
			name = Debug;
		};
		4B0E0FC7295C504C00D3BEBC /* Release */ = {
			isa = XCBuildConfiguration;
			buildSettings = {
				ALWAYS_SEARCH_USER_PATHS = NO;
				CLANG_ANALYZER_NONNULL = YES;
				CLANG_ANALYZER_NUMBER_OBJECT_CONVERSION = YES_AGGRESSIVE;
				CLANG_CXX_LANGUAGE_STANDARD = "gnu++20";
				CLANG_ENABLE_MODULES = YES;
				CLANG_ENABLE_OBJC_ARC = YES;
				CLANG_ENABLE_OBJC_WEAK = YES;
				CLANG_WARN_BLOCK_CAPTURE_AUTORELEASING = YES;
				CLANG_WARN_BOOL_CONVERSION = YES;
				CLANG_WARN_COMMA = YES;
				CLANG_WARN_CONSTANT_CONVERSION = YES;
				CLANG_WARN_DEPRECATED_OBJC_IMPLEMENTATIONS = YES;
				CLANG_WARN_DIRECT_OBJC_ISA_USAGE = YES_ERROR;
				CLANG_WARN_DOCUMENTATION_COMMENTS = YES;
				CLANG_WARN_EMPTY_BODY = YES;
				CLANG_WARN_ENUM_CONVERSION = YES;
				CLANG_WARN_INFINITE_RECURSION = YES;
				CLANG_WARN_INT_CONVERSION = YES;
				CLANG_WARN_NON_LITERAL_NULL_CONVERSION = YES;
				CLANG_WARN_OBJC_IMPLICIT_RETAIN_SELF = YES;
				CLANG_WARN_OBJC_LITERAL_CONVERSION = YES;
				CLANG_WARN_OBJC_ROOT_CLASS = YES_ERROR;
				CLANG_WARN_QUOTED_INCLUDE_IN_FRAMEWORK_HEADER = YES;
				CLANG_WARN_RANGE_LOOP_ANALYSIS = YES;
				CLANG_WARN_STRICT_PROTOTYPES = YES;
				CLANG_WARN_SUSPICIOUS_MOVE = YES;
				CLANG_WARN_UNGUARDED_AVAILABILITY = YES_AGGRESSIVE;
				CLANG_WARN_UNREACHABLE_CODE = YES;
				CLANG_WARN__DUPLICATE_METHOD_MATCH = YES;
				COPY_PHASE_STRIP = NO;
				DEBUG_INFORMATION_FORMAT = "dwarf-with-dsym";
				ENABLE_NS_ASSERTIONS = NO;
				ENABLE_STRICT_OBJC_MSGSEND = YES;
				GCC_C_LANGUAGE_STANDARD = gnu11;
				GCC_NO_COMMON_BLOCKS = YES;
				GCC_WARN_64_TO_32_BIT_CONVERSION = YES;
				GCC_WARN_ABOUT_RETURN_TYPE = YES_ERROR;
				GCC_WARN_UNDECLARED_SELECTOR = YES;
				GCC_WARN_UNINITIALIZED_AUTOS = YES_AGGRESSIVE;
				GCC_WARN_UNUSED_FUNCTION = YES;
				GCC_WARN_UNUSED_VARIABLE = YES;
				IPHONEOS_DEPLOYMENT_TARGET = 16.1;
				MTL_ENABLE_DEBUG_INFO = NO;
				MTL_FAST_MATH = YES;
				SDKROOT = iphoneos;
				SWIFT_COMPILATION_MODE = wholemodule;
				SWIFT_OPTIMIZATION_LEVEL = "-O";
				VALIDATE_PRODUCT = YES;
			};
			name = Release;
		};
		4B0E0FC9295C504C00D3BEBC /* Debug */ = {
			isa = XCBuildConfiguration;
			baseConfigurationReference = 4E993CCAFAFAF86A69535C62 /* Pods-ExpanceUI.debug.xcconfig */;
			buildSettings = {
				ASSETCATALOG_COMPILER_APPICON_NAME = AppIcon;
				ASSETCATALOG_COMPILER_GLOBAL_ACCENT_COLOR_NAME = AccentColor;
				CODE_SIGN_STYLE = Automatic;
				CURRENT_PROJECT_VERSION = 1;
				DEVELOPMENT_TEAM = A3UX4GX4C6;
				GENERATE_INFOPLIST_FILE = YES;
				INFOPLIST_FILE = ExpanceUI/Info.plist;
				INFOPLIST_KEY_UIApplicationSupportsIndirectInputEvents = YES;
				INFOPLIST_KEY_UILaunchStoryboardName = LaunchScreen;
				INFOPLIST_KEY_UISupportedInterfaceOrientations_iPad = "UIInterfaceOrientationPortrait UIInterfaceOrientationPortraitUpsideDown UIInterfaceOrientationLandscapeLeft UIInterfaceOrientationLandscapeRight";
				INFOPLIST_KEY_UISupportedInterfaceOrientations_iPhone = "UIInterfaceOrientationPortrait UIInterfaceOrientationLandscapeLeft UIInterfaceOrientationLandscapeRight";
				LD_RUNPATH_SEARCH_PATHS = (
					"$(inherited)",
					"@executable_path/Frameworks",
				);
				MARKETING_VERSION = 1.0;
				PRODUCT_BUNDLE_IDENTIFIER = OyatulloKoraboev.ExpanceUI;
				PRODUCT_NAME = "$(TARGET_NAME)";
				SWIFT_EMIT_LOC_STRINGS = YES;
				SWIFT_VERSION = 5.0;
				TARGETED_DEVICE_FAMILY = "1,2";
			};
			name = Debug;
		};
		4B0E0FCA295C504C00D3BEBC /* Release */ = {
			isa = XCBuildConfiguration;
			baseConfigurationReference = C2A16A7571B03783DAB963EE /* Pods-ExpanceUI.release.xcconfig */;
			buildSettings = {
				ASSETCATALOG_COMPILER_APPICON_NAME = AppIcon;
				ASSETCATALOG_COMPILER_GLOBAL_ACCENT_COLOR_NAME = AccentColor;
				CODE_SIGN_STYLE = Automatic;
				CURRENT_PROJECT_VERSION = 1;
				DEVELOPMENT_TEAM = A3UX4GX4C6;
				GENERATE_INFOPLIST_FILE = YES;
				INFOPLIST_FILE = ExpanceUI/Info.plist;
				INFOPLIST_KEY_UIApplicationSupportsIndirectInputEvents = YES;
				INFOPLIST_KEY_UILaunchStoryboardName = LaunchScreen;
				INFOPLIST_KEY_UISupportedInterfaceOrientations_iPad = "UIInterfaceOrientationPortrait UIInterfaceOrientationPortraitUpsideDown UIInterfaceOrientationLandscapeLeft UIInterfaceOrientationLandscapeRight";
				INFOPLIST_KEY_UISupportedInterfaceOrientations_iPhone = "UIInterfaceOrientationPortrait UIInterfaceOrientationLandscapeLeft UIInterfaceOrientationLandscapeRight";
				LD_RUNPATH_SEARCH_PATHS = (
					"$(inherited)",
					"@executable_path/Frameworks",
				);
				MARKETING_VERSION = 1.0;
				PRODUCT_BUNDLE_IDENTIFIER = OyatulloKoraboev.ExpanceUI;
				PRODUCT_NAME = "$(TARGET_NAME)";
				SWIFT_EMIT_LOC_STRINGS = YES;
				SWIFT_VERSION = 5.0;
				TARGETED_DEVICE_FAMILY = "1,2";
			};
			name = Release;
		};
/* End XCBuildConfiguration section */

/* Begin XCConfigurationList section */
		4B0E0FAF295C504B00D3BEBC /* Build configuration list for PBXProject "ExpanceUI" */ = {
			isa = XCConfigurationList;
			buildConfigurations = (
				4B0E0FC6295C504C00D3BEBC /* Debug */,
				4B0E0FC7295C504C00D3BEBC /* Release */,
			);
			defaultConfigurationIsVisible = 0;
			defaultConfigurationName = Release;
		};
		4B0E0FC8295C504C00D3BEBC /* Build configuration list for PBXNativeTarget "ExpanceUI" */ = {
			isa = XCConfigurationList;
			buildConfigurations = (
				4B0E0FC9295C504C00D3BEBC /* Debug */,
				4B0E0FCA295C504C00D3BEBC /* Release */,
			);
			defaultConfigurationIsVisible = 0;
			defaultConfigurationName = Release;
		};
/* End XCConfigurationList section */
	};
	rootObject = 4B0E0FAC295C504B00D3BEBC /* Project object */;
}
